
Microsoft Visual Studio Solution File, Format Version 12.00
Project("{FAE04EC0-301F-11D3-BF4B-00C04F79EFBC}") = "AzureBatchQueue", "AzureBatchQueue\AzureBatchQueue.csproj", "{B47190FA-DCCE-4670-AAB1-327C97AB7D5F}"
EndProject
Project("{FAE04EC0-301F-11D3-BF4B-00C04F79EFBC}") = "AzureBatchQueue.Tests", "AzureBatchQueue.Tests\AzureBatchQueue.Tests.csproj", "{26A12945-C0D2-4265-B3DA-F3C34A52FDB6}"
EndProject
Project("{2150E333-8FDC-42A3-9474-1A3956D46DE8}") = "Samples", "Samples", "{2B7ECE35-294A-4053-8244-165DBA88A9B1}"
EndProject
Project("{FAE04EC0-301F-11D3-BF4B-00C04F79EFBC}") = "SendReceiveBatch", "Samples\SendReceiveBatch\SendReceiveBatch.csproj", "{7D64E9C9-E0ED-4C80-9E52-1EF0A860545B}"
EndProject
Global
	GlobalSection(SolutionConfigurationPlatforms) = preSolution
		Debug|Any CPU = Debug|Any CPU
		Release|Any CPU = Release|Any CPU
	EndGlobalSection
	GlobalSection(ProjectConfigurationPlatforms) = postSolution
		{B47190FA-DCCE-4670-AAB1-327C97AB7D5F}.Debug|Any CPU.ActiveCfg = Debug|Any CPU
		{B47190FA-DCCE-4670-AAB1-327C97AB7D5F}.Debug|Any CPU.Build.0 = Debug|Any CPU
		{B47190FA-DCCE-4670-AAB1-327C97AB7D5F}.Release|Any CPU.ActiveCfg = Release|Any CPU
		{B47190FA-DCCE-4670-AAB1-327C97AB7D5F}.Release|Any CPU.Build.0 = Release|Any CPU
		{26A12945-C0D2-4265-B3DA-F3C34A52FDB6}.Debug|Any CPU.ActiveCfg = Debug|Any CPU
		{26A12945-C0D2-4265-B3DA-F3C34A52FDB6}.Debug|Any CPU.Build.0 = Debug|Any CPU
		{26A12945-C0D2-4265-B3DA-F3C34A52FDB6}.Release|Any CPU.ActiveCfg = Release|Any CPU
		{26A12945-C0D2-4265-B3DA-F3C34A52FDB6}.Release|Any CPU.Build.0 = Release|Any CPU
		{7D64E9C9-E0ED-4C80-9E52-1EF0A860545B}.Debug|Any CPU.ActiveCfg = Debug|Any CPU
		{7D64E9C9-E0ED-4C80-9E52-1EF0A860545B}.Debug|Any CPU.Build.0 = Debug|Any CPU
		{7D64E9C9-E0ED-4C80-9E52-1EF0A860545B}.Release|Any CPU.ActiveCfg = Release|Any CPU
		{7D64E9C9-E0ED-4C80-9E52-1EF0A860545B}.Release|Any CPU.Build.0 = Release|Any CPU
	EndGlobalSection
	GlobalSection(NestedProjects) = preSolution
		{7D64E9C9-E0ED-4C80-9E52-1EF0A860545B} = {2B7ECE35-294A-4053-8244-165DBA88A9B1}
	EndGlobalSection
EndGlobal
